
Microsoft Visual Studio Solution File, Format Version 12.00
# Visual Studio Version 16
VisualStudioVersion = 16.0.30002.166
MinimumVisualStudioVersion = 10.0.40219.1
Project("{9A19103F-16F7-4668-BE54-9A1E7A4F7556}") = "Gateway.WebApi", "Gateway.WebApi\Gateway.WebApi.csproj", "{344168F9-2C61-4B23-A098-92A58D451369}"
EndProject
Project("{2150E333-8FDC-42A3-9474-1A3956D46DE8}") = "Microservices", "Microservices", "{C14666A9-184B-46DD-B32F-30D9A69E4FA1}"
EndProject
Project("{2150E333-8FDC-42A3-9474-1A3956D46DE8}") = "GeoIP.API", "GeoIP.API", "{98DFB40C-6B04-477F-94D2-492C52199F8C}"
EndProject
Project("{2150E333-8FDC-42A3-9474-1A3956D46DE8}") = "Ping.API", "Ping.API", "{A5748F11-CBCF-4C97-931A-A025565BD2A7}"
EndProject
Project("{2150E333-8FDC-42A3-9474-1A3956D46DE8}") = "RDAP.API", "RDAP.API", "{14392704-2640-4AB1-9EE4-93D0FF0076F8}"
EndProject
Project("{2150E333-8FDC-42A3-9474-1A3956D46DE8}") = "ReverseDNS.API", "ReverseDNS.API", "{5193144F-73E6-42F6-8D22-5DB7679ADA54}"
EndProject
Project("{9A19103F-16F7-4668-BE54-9A1E7A4F7556}") = "GeoIP.Microservice", "GeoIP.Microservice\GeoIP.Microservice.csproj", "{05750E1E-2288-46EC-9934-A1372BDC99A1}"
EndProject
Project("{9A19103F-16F7-4668-BE54-9A1E7A4F7556}") = "GeoIP.Model", "GeoIP.Model\GeoIP.Model.csproj", "{778067D6-ED1C-4902-986B-27EFDFCB686D}"
EndProject
Project("{9A19103F-16F7-4668-BE54-9A1E7A4F7556}") = "GeoIP.Service", "GeoIP.Service\GeoIP.Service.csproj", "{6145CB7D-CE39-4D99-AAB4-9F5E75374AB5}"
EndProject
Project("{9A19103F-16F7-4668-BE54-9A1E7A4F7556}") = "IPPingAPI", "IPPingAPI\IPPingAPI.csproj", "{A53CFB02-3E4E-4B90-9272-2E25719E9E20}"
EndProject
Project("{9A19103F-16F7-4668-BE54-9A1E7A4F7556}") = "IPPing.Model", "IPPing.Model\IPPing.Model.csproj", "{A9C7E972-1602-48D5-9CEE-130EFF00B617}"
EndProject
Project("{9A19103F-16F7-4668-BE54-9A1E7A4F7556}") = "IPPing.Service", "IPPing.Service\IPPing.Service.csproj", "{6A63B9F2-EF68-4F66-8368-058B75068251}"
EndProject
Project("{9A19103F-16F7-4668-BE54-9A1E7A4F7556}") = "RDPA.Model", "RDPA.Model\RDPA.Model.csproj", "{37A1A6B4-148E-45BE-AADD-663555CCA6B8}"
EndProject
Project("{9A19103F-16F7-4668-BE54-9A1E7A4F7556}") = "RDPA.Service", "RDPA.Service\RDPA.Service.csproj", "{58701ACD-7D5F-4695-AC8A-D7D071B6A53E}"
EndProject
Project("{9A19103F-16F7-4668-BE54-9A1E7A4F7556}") = "RDPAAPI", "RDPAAPI\RDPAAPI.csproj", "{28E97C09-A2B2-4EED-B824-959EBC23E9DA}"
EndProject
Project("{9A19103F-16F7-4668-BE54-9A1E7A4F7556}") = "ReverseDNSAPI", "ReverseDNSAPI\ReverseDNSAPI.csproj", "{4F7F6615-8017-4F31-85A7-81B97CE057CC}"
EndProject
Project("{9A19103F-16F7-4668-BE54-9A1E7A4F7556}") = "ReverseDNS.Service", "ReverseDNS.Service\ReverseDNS.Service.csproj", "{7BC5AAED-679F-4E75-83C9-DF9846691210}"
EndProject
Project("{9A19103F-16F7-4668-BE54-9A1E7A4F7556}") = "ReverseDNS.Model", "ReverseDNS.Model\ReverseDNS.Model.csproj", "{F84143B9-7CE0-4994-BAE7-EE489219CF50}"
EndProject
Project("{9A19103F-16F7-4668-BE54-9A1E7A4F7556}") = "Microservice.BaseAPI", "Microservice.BaseAPI\Microservice.BaseAPI.csproj", "{15B50ACD-1260-477A-94C7-B3FC95B6334F}"
EndProject
Project("{2150E333-8FDC-42A3-9474-1A3956D46DE8}") = "MicroserviceBaseAPI", "MicroserviceBaseAPI", "{31601B4F-688D-45F6-8AA1-B5833C7F3276}"
EndProject
Project("{9A19103F-16F7-4668-BE54-9A1E7A4F7556}") = "BaseAPI.Model", "BaseAPIModel\BaseAPI.Model.csproj", "{3A6C8412-C7B4-478E-834F-FD990930D14A}"
EndProject
Project("{9A19103F-16F7-4668-BE54-9A1E7A4F7556}") = "BaseAPI.Service", "BaseAPIService\BaseAPI.Service.csproj", "{5F57791A-D2C9-40C6-B48D-DC8AA021EC75}"
EndProject
Project("{FAE04EC0-301F-11D3-BF4B-00C04F79EFBC}") = "Utility", "Utility\Utility.csproj", "{8908D56A-21EC-4D81-939E-FC31C2C5BA72}"
EndProject
Global
	GlobalSection(SolutionConfigurationPlatforms) = preSolution
		Debug|Any CPU = Debug|Any CPU
		Release|Any CPU = Release|Any CPU
	EndGlobalSection
	GlobalSection(ProjectConfigurationPlatforms) = postSolution
		{344168F9-2C61-4B23-A098-92A58D451369}.Debug|Any CPU.ActiveCfg = Debug|Any CPU
		{344168F9-2C61-4B23-A098-92A58D451369}.Debug|Any CPU.Build.0 = Debug|Any CPU
		{344168F9-2C61-4B23-A098-92A58D451369}.Release|Any CPU.ActiveCfg = Release|Any CPU
		{344168F9-2C61-4B23-A098-92A58D451369}.Release|Any CPU.Build.0 = Release|Any CPU
		{05750E1E-2288-46EC-9934-A1372BDC99A1}.Debug|Any CPU.ActiveCfg = Debug|Any CPU
		{05750E1E-2288-46EC-9934-A1372BDC99A1}.Debug|Any CPU.Build.0 = Debug|Any CPU
		{05750E1E-2288-46EC-9934-A1372BDC99A1}.Release|Any CPU.ActiveCfg = Release|Any CPU
		{05750E1E-2288-46EC-9934-A1372BDC99A1}.Release|Any CPU.Build.0 = Release|Any CPU
		{778067D6-ED1C-4902-986B-27EFDFCB686D}.Debug|Any CPU.ActiveCfg = Debug|Any CPU
		{778067D6-ED1C-4902-986B-27EFDFCB686D}.Debug|Any CPU.Build.0 = Debug|Any CPU
		{778067D6-ED1C-4902-986B-27EFDFCB686D}.Release|Any CPU.ActiveCfg = Release|Any CPU
		{778067D6-ED1C-4902-986B-27EFDFCB686D}.Release|Any CPU.Build.0 = Release|Any CPU
		{6145CB7D-CE39-4D99-AAB4-9F5E75374AB5}.Debug|Any CPU.ActiveCfg = Debug|Any CPU
		{6145CB7D-CE39-4D99-AAB4-9F5E75374AB5}.Debug|Any CPU.Build.0 = Debug|Any CPU
		{6145CB7D-CE39-4D99-AAB4-9F5E75374AB5}.Release|Any CPU.ActiveCfg = Release|Any CPU
		{6145CB7D-CE39-4D99-AAB4-9F5E75374AB5}.Release|Any CPU.Build.0 = Release|Any CPU
		{A53CFB02-3E4E-4B90-9272-2E25719E9E20}.Debug|Any CPU.ActiveCfg = Debug|Any CPU
		{A53CFB02-3E4E-4B90-9272-2E25719E9E20}.Debug|Any CPU.Build.0 = Debug|Any CPU
		{A53CFB02-3E4E-4B90-9272-2E25719E9E20}.Release|Any CPU.ActiveCfg = Release|Any CPU
		{A53CFB02-3E4E-4B90-9272-2E25719E9E20}.Release|Any CPU.Build.0 = Release|Any CPU
		{A9C7E972-1602-48D5-9CEE-130EFF00B617}.Debug|Any CPU.ActiveCfg = Debug|Any CPU
		{A9C7E972-1602-48D5-9CEE-130EFF00B617}.Debug|Any CPU.Build.0 = Debug|Any CPU
		{A9C7E972-1602-48D5-9CEE-130EFF00B617}.Release|Any CPU.ActiveCfg = Release|Any CPU
		{A9C7E972-1602-48D5-9CEE-130EFF00B617}.Release|Any CPU.Build.0 = Release|Any CPU
		{6A63B9F2-EF68-4F66-8368-058B75068251}.Debug|Any CPU.ActiveCfg = Debug|Any CPU
		{6A63B9F2-EF68-4F66-8368-058B75068251}.Debug|Any CPU.Build.0 = Debug|Any CPU
		{6A63B9F2-EF68-4F66-8368-058B75068251}.Release|Any CPU.ActiveCfg = Release|Any CPU
		{6A63B9F2-EF68-4F66-8368-058B75068251}.Release|Any CPU.Build.0 = Release|Any CPU
		{37A1A6B4-148E-45BE-AADD-663555CCA6B8}.Debug|Any CPU.ActiveCfg = Debug|Any CPU
		{37A1A6B4-148E-45BE-AADD-663555CCA6B8}.Debug|Any CPU.Build.0 = Debug|Any CPU
		{37A1A6B4-148E-45BE-AADD-663555CCA6B8}.Release|Any CPU.ActiveCfg = Release|Any CPU
		{37A1A6B4-148E-45BE-AADD-663555CCA6B8}.Release|Any CPU.Build.0 = Release|Any CPU
		{58701ACD-7D5F-4695-AC8A-D7D071B6A53E}.Debug|Any CPU.ActiveCfg = Debug|Any CPU
		{58701ACD-7D5F-4695-AC8A-D7D071B6A53E}.Debug|Any CPU.Build.0 = Debug|Any CPU
		{58701ACD-7D5F-4695-AC8A-D7D071B6A53E}.Release|Any CPU.ActiveCfg = Release|Any CPU
		{58701ACD-7D5F-4695-AC8A-D7D071B6A53E}.Release|Any CPU.Build.0 = Release|Any CPU
		{28E97C09-A2B2-4EED-B824-959EBC23E9DA}.Debug|Any CPU.ActiveCfg = Debug|Any CPU
		{28E97C09-A2B2-4EED-B824-959EBC23E9DA}.Debug|Any CPU.Build.0 = Debug|Any CPU
		{28E97C09-A2B2-4EED-B824-959EBC23E9DA}.Release|Any CPU.ActiveCfg = Release|Any CPU
		{28E97C09-A2B2-4EED-B824-959EBC23E9DA}.Release|Any CPU.Build.0 = Release|Any CPU
		{4F7F6615-8017-4F31-85A7-81B97CE057CC}.Debug|Any CPU.ActiveCfg = Debug|Any CPU
		{4F7F6615-8017-4F31-85A7-81B97CE057CC}.Debug|Any CPU.Build.0 = Debug|Any CPU
		{4F7F6615-8017-4F31-85A7-81B97CE057CC}.Release|Any CPU.ActiveCfg = Release|Any CPU
		{4F7F6615-8017-4F31-85A7-81B97CE057CC}.Release|Any CPU.Build.0 = Release|Any CPU
		{7BC5AAED-679F-4E75-83C9-DF9846691210}.Debug|Any CPU.ActiveCfg = Debug|Any CPU
		{7BC5AAED-679F-4E75-83C9-DF9846691210}.Debug|Any CPU.Build.0 = Debug|Any CPU
		{7BC5AAED-679F-4E75-83C9-DF9846691210}.Release|Any CPU.ActiveCfg = Release|Any CPU
		{7BC5AAED-679F-4E75-83C9-DF9846691210}.Release|Any CPU.Build.0 = Release|Any CPU
		{F84143B9-7CE0-4994-BAE7-EE489219CF50}.Debug|Any CPU.ActiveCfg = Debug|Any CPU
		{F84143B9-7CE0-4994-BAE7-EE489219CF50}.Debug|Any CPU.Build.0 = Debug|Any CPU
		{F84143B9-7CE0-4994-BAE7-EE489219CF50}.Release|Any CPU.ActiveCfg = Release|Any CPU
		{F84143B9-7CE0-4994-BAE7-EE489219CF50}.Release|Any CPU.Build.0 = Release|Any CPU
		{15B50ACD-1260-477A-94C7-B3FC95B6334F}.Debug|Any CPU.ActiveCfg = Debug|Any CPU
		{15B50ACD-1260-477A-94C7-B3FC95B6334F}.Debug|Any CPU.Build.0 = Debug|Any CPU
		{15B50ACD-1260-477A-94C7-B3FC95B6334F}.Release|Any CPU.ActiveCfg = Release|Any CPU
		{15B50ACD-1260-477A-94C7-B3FC95B6334F}.Release|Any CPU.Build.0 = Release|Any CPU
		{3A6C8412-C7B4-478E-834F-FD990930D14A}.Debug|Any CPU.ActiveCfg = Debug|Any CPU
		{3A6C8412-C7B4-478E-834F-FD990930D14A}.Debug|Any CPU.Build.0 = Debug|Any CPU
		{3A6C8412-C7B4-478E-834F-FD990930D14A}.Release|Any CPU.ActiveCfg = Release|Any CPU
		{3A6C8412-C7B4-478E-834F-FD990930D14A}.Release|Any CPU.Build.0 = Release|Any CPU
		{5F57791A-D2C9-40C6-B48D-DC8AA021EC75}.Debug|Any CPU.ActiveCfg = Debug|Any CPU
		{5F57791A-D2C9-40C6-B48D-DC8AA021EC75}.Debug|Any CPU.Build.0 = Debug|Any CPU
		{5F57791A-D2C9-40C6-B48D-DC8AA021EC75}.Release|Any CPU.ActiveCfg = Release|Any CPU
		{5F57791A-D2C9-40C6-B48D-DC8AA021EC75}.Release|Any CPU.Build.0 = Release|Any CPU
		{8908D56A-21EC-4D81-939E-FC31C2C5BA72}.Debug|Any CPU.ActiveCfg = Debug|Any CPU
		{8908D56A-21EC-4D81-939E-FC31C2C5BA72}.Debug|Any CPU.Build.0 = Debug|Any CPU
		{8908D56A-21EC-4D81-939E-FC31C2C5BA72}.Release|Any CPU.ActiveCfg = Release|Any CPU
		{8908D56A-21EC-4D81-939E-FC31C2C5BA72}.Release|Any CPU.Build.0 = Release|Any CPU
	EndGlobalSection
	GlobalSection(SolutionProperties) = preSolution
		HideSolutionNode = FALSE
	EndGlobalSection
	GlobalSection(NestedProjects) = preSolution
		{98DFB40C-6B04-477F-94D2-492C52199F8C} = {C14666A9-184B-46DD-B32F-30D9A69E4FA1}
		{A5748F11-CBCF-4C97-931A-A025565BD2A7} = {C14666A9-184B-46DD-B32F-30D9A69E4FA1}
		{14392704-2640-4AB1-9EE4-93D0FF0076F8} = {C14666A9-184B-46DD-B32F-30D9A69E4FA1}
		{5193144F-73E6-42F6-8D22-5DB7679ADA54} = {C14666A9-184B-46DD-B32F-30D9A69E4FA1}
		{05750E1E-2288-46EC-9934-A1372BDC99A1} = {98DFB40C-6B04-477F-94D2-492C52199F8C}
		{778067D6-ED1C-4902-986B-27EFDFCB686D} = {98DFB40C-6B04-477F-94D2-492C52199F8C}
		{6145CB7D-CE39-4D99-AAB4-9F5E75374AB5} = {98DFB40C-6B04-477F-94D2-492C52199F8C}
		{A53CFB02-3E4E-4B90-9272-2E25719E9E20} = {A5748F11-CBCF-4C97-931A-A025565BD2A7}
		{A9C7E972-1602-48D5-9CEE-130EFF00B617} = {A5748F11-CBCF-4C97-931A-A025565BD2A7}
		{6A63B9F2-EF68-4F66-8368-058B75068251} = {A5748F11-CBCF-4C97-931A-A025565BD2A7}
		{37A1A6B4-148E-45BE-AADD-663555CCA6B8} = {14392704-2640-4AB1-9EE4-93D0FF0076F8}
		{58701ACD-7D5F-4695-AC8A-D7D071B6A53E} = {14392704-2640-4AB1-9EE4-93D0FF0076F8}
		{28E97C09-A2B2-4EED-B824-959EBC23E9DA} = {14392704-2640-4AB1-9EE4-93D0FF0076F8}
		{4F7F6615-8017-4F31-85A7-81B97CE057CC} = {5193144F-73E6-42F6-8D22-5DB7679ADA54}
		{7BC5AAED-679F-4E75-83C9-DF9846691210} = {5193144F-73E6-42F6-8D22-5DB7679ADA54}
		{F84143B9-7CE0-4994-BAE7-EE489219CF50} = {5193144F-73E6-42F6-8D22-5DB7679ADA54}
		{15B50ACD-1260-477A-94C7-B3FC95B6334F} = {31601B4F-688D-45F6-8AA1-B5833C7F3276}
		{3A6C8412-C7B4-478E-834F-FD990930D14A} = {31601B4F-688D-45F6-8AA1-B5833C7F3276}
		{5F57791A-D2C9-40C6-B48D-DC8AA021EC75} = {31601B4F-688D-45F6-8AA1-B5833C7F3276}
	EndGlobalSection
	GlobalSection(ExtensibilityGlobals) = postSolution
		SolutionGuid = {01E9333D-C860-4DAE-93B3-911359E3738A}
	EndGlobalSection
EndGlobal
