
Microsoft Visual Studio Solution File, Format Version 12.00
# Visual Studio Version 16
VisualStudioVersion = 16.0.30002.166
MinimumVisualStudioVersion = 10.0.40219.1
Project("{9A19103F-16F7-4668-BE54-9A1E7A4F7556}") = "Gateway.WebApi", "Gateway.WebApi\Gateway.WebApi.csproj", "{344168F9-2C61-4B23-A098-92A58D451369}"
EndProject
Project("{2150E333-8FDC-42A3-9474-1A3956D46DE8}") = "Microservices", "Microservices", "{C14666A9-184B-46DD-B32F-30D9A69E4FA1}"
EndProject
Project("{2150E333-8FDC-42A3-9474-1A3956D46DE8}") = "DomainAvailability.API", "DomainAvailability.API", "{F22566BB-09AE-4BBC-9B93-E708CB556BC5}"
EndProject
Project("{2150E333-8FDC-42A3-9474-1A3956D46DE8}") = "GeoIP.API", "GeoIP.API", "{98DFB40C-6B04-477F-94D2-492C52199F8C}"
EndProject
Project("{2150E333-8FDC-42A3-9474-1A3956D46DE8}") = "OpenPorts.API", "OpenPorts.API", "{9F9BC762-335A-407F-803E-F2F7035E1104}"
EndProject
Project("{2150E333-8FDC-42A3-9474-1A3956D46DE8}") = "Ping.API", "Ping.API", "{A5748F11-CBCF-4C97-931A-A025565BD2A7}"
EndProject
Project("{2150E333-8FDC-42A3-9474-1A3956D46DE8}") = "RDAP.API", "RDAP.API", "{14392704-2640-4AB1-9EE4-93D0FF0076F8}"
EndProject
Project("{2150E333-8FDC-42A3-9474-1A3956D46DE8}") = "ReverseDNS.API", "ReverseDNS.API", "{5193144F-73E6-42F6-8D22-5DB7679ADA54}"
EndProject
Project("{2150E333-8FDC-42A3-9474-1A3956D46DE8}") = "VirusTotal.API", "VirusTotal.API", "{EF121C29-EDD2-4E35-BFDA-CC54EFC37889}"
EndProject
Project("{2150E333-8FDC-42A3-9474-1A3956D46DE8}") = "WebsiteStatus.API", "WebsiteStatus.API", "{6D019566-FAFC-4194-9F3B-DE8AFAB638E6}"
EndProject
Project("{9A19103F-16F7-4668-BE54-9A1E7A4F7556}") = "GeoIP.Microservice", "GeoIP.Microservice\GeoIP.Microservice.csproj", "{05750E1E-2288-46EC-9934-A1372BDC99A1}"
EndProject
Project("{9A19103F-16F7-4668-BE54-9A1E7A4F7556}") = "GeoIP.Model", "GeoIP.Model\GeoIP.Model.csproj", "{778067D6-ED1C-4902-986B-27EFDFCB686D}"
EndProject
Project("{9A19103F-16F7-4668-BE54-9A1E7A4F7556}") = "GeoIP.Service", "GeoIP.Service\GeoIP.Service.csproj", "{6145CB7D-CE39-4D99-AAB4-9F5E75374AB5}"
EndProject
Project("{9A19103F-16F7-4668-BE54-9A1E7A4F7556}") = "OpenPorts.Model", "OpenPorts.Model\OpenPorts.Model.csproj", "{FE68CA31-A316-4317-8B05-D80B73580A9E}"
EndProject
Project("{9A19103F-16F7-4668-BE54-9A1E7A4F7556}") = "OpenPorts.Service", "OpenPorts.Service\OpenPorts.Service.csproj", "{26DF99BC-10EC-460F-9938-803A7D361D55}"
EndProject
Project("{9A19103F-16F7-4668-BE54-9A1E7A4F7556}") = "OpenPortsAPI", "OpenPortsAPI\OpenPortsAPI.csproj", "{048FD6B0-9724-4C8D-BC6E-5E028E8C7EE9}"
EndProject
Project("{9A19103F-16F7-4668-BE54-9A1E7A4F7556}") = "IPPingAPI", "IPPingAPI\IPPingAPI.csproj", "{A53CFB02-3E4E-4B90-9272-2E25719E9E20}"
EndProject
Project("{9A19103F-16F7-4668-BE54-9A1E7A4F7556}") = "IPPing.Model", "IPPing.Model\IPPing.Model.csproj", "{A9C7E972-1602-48D5-9CEE-130EFF00B617}"
EndProject
Project("{9A19103F-16F7-4668-BE54-9A1E7A4F7556}") = "IPPing.Service", "IPPing.Service\IPPing.Service.csproj", "{6A63B9F2-EF68-4F66-8368-058B75068251}"
EndProject
Project("{9A19103F-16F7-4668-BE54-9A1E7A4F7556}") = "RDPA.Model", "RDPA.Model\RDPA.Model.csproj", "{37A1A6B4-148E-45BE-AADD-663555CCA6B8}"
EndProject
Project("{9A19103F-16F7-4668-BE54-9A1E7A4F7556}") = "RDPA.Service", "RDPA.Service\RDPA.Service.csproj", "{58701ACD-7D5F-4695-AC8A-D7D071B6A53E}"
EndProject
Project("{9A19103F-16F7-4668-BE54-9A1E7A4F7556}") = "RDPAAPI", "RDPAAPI\RDPAAPI.csproj", "{28E97C09-A2B2-4EED-B824-959EBC23E9DA}"
EndProject
Project("{9A19103F-16F7-4668-BE54-9A1E7A4F7556}") = "ReverseDNSAPI", "ReverseDNSAPI\ReverseDNSAPI.csproj", "{4F7F6615-8017-4F31-85A7-81B97CE057CC}"
EndProject
Project("{9A19103F-16F7-4668-BE54-9A1E7A4F7556}") = "ReverseDNS.Service", "ReverseDNS.Service\ReverseDNS.Service.csproj", "{7BC5AAED-679F-4E75-83C9-DF9846691210}"
EndProject
Project("{9A19103F-16F7-4668-BE54-9A1E7A4F7556}") = "ReverseDNS.Model", "ReverseDNS.Model\ReverseDNS.Model.csproj", "{F84143B9-7CE0-4994-BAE7-EE489219CF50}"
EndProject
Project("{9A19103F-16F7-4668-BE54-9A1E7A4F7556}") = "VirusTotal.Model", "VirusTotal.Model\VirusTotal.Model.csproj", "{7968396E-E13E-4F37-BABA-D240A5B8C78D}"
EndProject
Project("{9A19103F-16F7-4668-BE54-9A1E7A4F7556}") = "VirusTotal.Service", "VirusTotal.Service\VirusTotal.Service.csproj", "{2073D7EE-AF2F-45A5-A11E-BB8C6CD06BF8}"
EndProject
Project("{9A19103F-16F7-4668-BE54-9A1E7A4F7556}") = "VirusTotalAPI", "VirusTotalAPI\VirusTotalAPI.csproj", "{87AF6D09-DBA4-4A98-B23E-DCF5E4973CCC}"
EndProject
Project("{9A19103F-16F7-4668-BE54-9A1E7A4F7556}") = "WebsiteStatus.Model", "WebsiteStatus.Model\WebsiteStatus.Model.csproj", "{67083966-2C9F-421E-BFB6-9D9A6EAE0A38}"
EndProject
Project("{9A19103F-16F7-4668-BE54-9A1E7A4F7556}") = "WebsiteStatus.Service", "WebsiteStatus.Service\WebsiteStatus.Service.csproj", "{BE67124A-01D8-465E-B4C1-B344043109D6}"
EndProject
Project("{9A19103F-16F7-4668-BE54-9A1E7A4F7556}") = "WebsiteStatusAPI", "WebsiteStatusAPI\WebsiteStatusAPI.csproj", "{E807CECD-B7BB-47CB-9757-2610AD8012BA}"
EndProject
Project("{9A19103F-16F7-4668-BE54-9A1E7A4F7556}") = "DomainStatus.Model", "DomainStatus.Model\DomainStatus.Model.csproj", "{6202AC7B-8B9B-451B-8CD7-E4844FF41B39}"
EndProject
Project("{9A19103F-16F7-4668-BE54-9A1E7A4F7556}") = "DomainStatus.Service", "DomainStatus.Service\DomainStatus.Service.csproj", "{7E47DC14-8AF0-457C-BB9E-6159F2ED0692}"
EndProject
Project("{9A19103F-16F7-4668-BE54-9A1E7A4F7556}") = "DomainStatusAPI", "DomainStatusAPI\DomainStatusAPI.csproj", "{26F06302-5083-4647-AF5B-1043261A5FB1}"
EndProject
Project("{FAE04EC0-301F-11D3-BF4B-00C04F79EFBC}") = "Microservice.BaseAPI", "Microservice.BaseAPI\Microservice.BaseAPI.csproj", "{15B50ACD-1260-477A-94C7-B3FC95B6334F}"
EndProject
Global
	GlobalSection(SolutionConfigurationPlatforms) = preSolution
		Debug|Any CPU = Debug|Any CPU
		Release|Any CPU = Release|Any CPU
	EndGlobalSection
	GlobalSection(ProjectConfigurationPlatforms) = postSolution
		{344168F9-2C61-4B23-A098-92A58D451369}.Debug|Any CPU.ActiveCfg = Debug|Any CPU
		{344168F9-2C61-4B23-A098-92A58D451369}.Debug|Any CPU.Build.0 = Debug|Any CPU
		{344168F9-2C61-4B23-A098-92A58D451369}.Release|Any CPU.ActiveCfg = Release|Any CPU
		{344168F9-2C61-4B23-A098-92A58D451369}.Release|Any CPU.Build.0 = Release|Any CPU
		{05750E1E-2288-46EC-9934-A1372BDC99A1}.Debug|Any CPU.ActiveCfg = Debug|Any CPU
		{05750E1E-2288-46EC-9934-A1372BDC99A1}.Debug|Any CPU.Build.0 = Debug|Any CPU
		{05750E1E-2288-46EC-9934-A1372BDC99A1}.Release|Any CPU.ActiveCfg = Release|Any CPU
		{05750E1E-2288-46EC-9934-A1372BDC99A1}.Release|Any CPU.Build.0 = Release|Any CPU
		{778067D6-ED1C-4902-986B-27EFDFCB686D}.Debug|Any CPU.ActiveCfg = Debug|Any CPU
		{778067D6-ED1C-4902-986B-27EFDFCB686D}.Debug|Any CPU.Build.0 = Debug|Any CPU
		{778067D6-ED1C-4902-986B-27EFDFCB686D}.Release|Any CPU.ActiveCfg = Release|Any CPU
		{778067D6-ED1C-4902-986B-27EFDFCB686D}.Release|Any CPU.Build.0 = Release|Any CPU
		{6145CB7D-CE39-4D99-AAB4-9F5E75374AB5}.Debug|Any CPU.ActiveCfg = Debug|Any CPU
		{6145CB7D-CE39-4D99-AAB4-9F5E75374AB5}.Debug|Any CPU.Build.0 = Debug|Any CPU
		{6145CB7D-CE39-4D99-AAB4-9F5E75374AB5}.Release|Any CPU.ActiveCfg = Release|Any CPU
		{6145CB7D-CE39-4D99-AAB4-9F5E75374AB5}.Release|Any CPU.Build.0 = Release|Any CPU
		{FE68CA31-A316-4317-8B05-D80B73580A9E}.Debug|Any CPU.ActiveCfg = Debug|Any CPU
		{FE68CA31-A316-4317-8B05-D80B73580A9E}.Debug|Any CPU.Build.0 = Debug|Any CPU
		{FE68CA31-A316-4317-8B05-D80B73580A9E}.Release|Any CPU.ActiveCfg = Release|Any CPU
		{FE68CA31-A316-4317-8B05-D80B73580A9E}.Release|Any CPU.Build.0 = Release|Any CPU
		{26DF99BC-10EC-460F-9938-803A7D361D55}.Debug|Any CPU.ActiveCfg = Debug|Any CPU
		{26DF99BC-10EC-460F-9938-803A7D361D55}.Debug|Any CPU.Build.0 = Debug|Any CPU
		{26DF99BC-10EC-460F-9938-803A7D361D55}.Release|Any CPU.ActiveCfg = Release|Any CPU
		{26DF99BC-10EC-460F-9938-803A7D361D55}.Release|Any CPU.Build.0 = Release|Any CPU
		{048FD6B0-9724-4C8D-BC6E-5E028E8C7EE9}.Debug|Any CPU.ActiveCfg = Debug|Any CPU
		{048FD6B0-9724-4C8D-BC6E-5E028E8C7EE9}.Debug|Any CPU.Build.0 = Debug|Any CPU
		{048FD6B0-9724-4C8D-BC6E-5E028E8C7EE9}.Release|Any CPU.ActiveCfg = Release|Any CPU
		{048FD6B0-9724-4C8D-BC6E-5E028E8C7EE9}.Release|Any CPU.Build.0 = Release|Any CPU
		{A53CFB02-3E4E-4B90-9272-2E25719E9E20}.Debug|Any CPU.ActiveCfg = Debug|Any CPU
		{A53CFB02-3E4E-4B90-9272-2E25719E9E20}.Debug|Any CPU.Build.0 = Debug|Any CPU
		{A53CFB02-3E4E-4B90-9272-2E25719E9E20}.Release|Any CPU.ActiveCfg = Release|Any CPU
		{A53CFB02-3E4E-4B90-9272-2E25719E9E20}.Release|Any CPU.Build.0 = Release|Any CPU
		{A9C7E972-1602-48D5-9CEE-130EFF00B617}.Debug|Any CPU.ActiveCfg = Debug|Any CPU
		{A9C7E972-1602-48D5-9CEE-130EFF00B617}.Debug|Any CPU.Build.0 = Debug|Any CPU
		{A9C7E972-1602-48D5-9CEE-130EFF00B617}.Release|Any CPU.ActiveCfg = Release|Any CPU
		{A9C7E972-1602-48D5-9CEE-130EFF00B617}.Release|Any CPU.Build.0 = Release|Any CPU
		{6A63B9F2-EF68-4F66-8368-058B75068251}.Debug|Any CPU.ActiveCfg = Debug|Any CPU
		{6A63B9F2-EF68-4F66-8368-058B75068251}.Debug|Any CPU.Build.0 = Debug|Any CPU
		{6A63B9F2-EF68-4F66-8368-058B75068251}.Release|Any CPU.ActiveCfg = Release|Any CPU
		{6A63B9F2-EF68-4F66-8368-058B75068251}.Release|Any CPU.Build.0 = Release|Any CPU
		{37A1A6B4-148E-45BE-AADD-663555CCA6B8}.Debug|Any CPU.ActiveCfg = Debug|Any CPU
		{37A1A6B4-148E-45BE-AADD-663555CCA6B8}.Debug|Any CPU.Build.0 = Debug|Any CPU
		{37A1A6B4-148E-45BE-AADD-663555CCA6B8}.Release|Any CPU.ActiveCfg = Release|Any CPU
		{37A1A6B4-148E-45BE-AADD-663555CCA6B8}.Release|Any CPU.Build.0 = Release|Any CPU
		{58701ACD-7D5F-4695-AC8A-D7D071B6A53E}.Debug|Any CPU.ActiveCfg = Debug|Any CPU
		{58701ACD-7D5F-4695-AC8A-D7D071B6A53E}.Debug|Any CPU.Build.0 = Debug|Any CPU
		{58701ACD-7D5F-4695-AC8A-D7D071B6A53E}.Release|Any CPU.ActiveCfg = Release|Any CPU
		{58701ACD-7D5F-4695-AC8A-D7D071B6A53E}.Release|Any CPU.Build.0 = Release|Any CPU
		{28E97C09-A2B2-4EED-B824-959EBC23E9DA}.Debug|Any CPU.ActiveCfg = Debug|Any CPU
		{28E97C09-A2B2-4EED-B824-959EBC23E9DA}.Debug|Any CPU.Build.0 = Debug|Any CPU
		{28E97C09-A2B2-4EED-B824-959EBC23E9DA}.Release|Any CPU.ActiveCfg = Release|Any CPU
		{28E97C09-A2B2-4EED-B824-959EBC23E9DA}.Release|Any CPU.Build.0 = Release|Any CPU
		{4F7F6615-8017-4F31-85A7-81B97CE057CC}.Debug|Any CPU.ActiveCfg = Debug|Any CPU
		{4F7F6615-8017-4F31-85A7-81B97CE057CC}.Debug|Any CPU.Build.0 = Debug|Any CPU
		{4F7F6615-8017-4F31-85A7-81B97CE057CC}.Release|Any CPU.ActiveCfg = Release|Any CPU
		{4F7F6615-8017-4F31-85A7-81B97CE057CC}.Release|Any CPU.Build.0 = Release|Any CPU
		{7BC5AAED-679F-4E75-83C9-DF9846691210}.Debug|Any CPU.ActiveCfg = Debug|Any CPU
		{7BC5AAED-679F-4E75-83C9-DF9846691210}.Debug|Any CPU.Build.0 = Debug|Any CPU
		{7BC5AAED-679F-4E75-83C9-DF9846691210}.Release|Any CPU.ActiveCfg = Release|Any CPU
		{7BC5AAED-679F-4E75-83C9-DF9846691210}.Release|Any CPU.Build.0 = Release|Any CPU
		{F84143B9-7CE0-4994-BAE7-EE489219CF50}.Debug|Any CPU.ActiveCfg = Debug|Any CPU
		{F84143B9-7CE0-4994-BAE7-EE489219CF50}.Debug|Any CPU.Build.0 = Debug|Any CPU
		{F84143B9-7CE0-4994-BAE7-EE489219CF50}.Release|Any CPU.ActiveCfg = Release|Any CPU
		{F84143B9-7CE0-4994-BAE7-EE489219CF50}.Release|Any CPU.Build.0 = Release|Any CPU
		{7968396E-E13E-4F37-BABA-D240A5B8C78D}.Debug|Any CPU.ActiveCfg = Debug|Any CPU
		{7968396E-E13E-4F37-BABA-D240A5B8C78D}.Debug|Any CPU.Build.0 = Debug|Any CPU
		{7968396E-E13E-4F37-BABA-D240A5B8C78D}.Release|Any CPU.ActiveCfg = Release|Any CPU
		{7968396E-E13E-4F37-BABA-D240A5B8C78D}.Release|Any CPU.Build.0 = Release|Any CPU
		{2073D7EE-AF2F-45A5-A11E-BB8C6CD06BF8}.Debug|Any CPU.ActiveCfg = Debug|Any CPU
		{2073D7EE-AF2F-45A5-A11E-BB8C6CD06BF8}.Debug|Any CPU.Build.0 = Debug|Any CPU
		{2073D7EE-AF2F-45A5-A11E-BB8C6CD06BF8}.Release|Any CPU.ActiveCfg = Release|Any CPU
		{2073D7EE-AF2F-45A5-A11E-BB8C6CD06BF8}.Release|Any CPU.Build.0 = Release|Any CPU
		{87AF6D09-DBA4-4A98-B23E-DCF5E4973CCC}.Debug|Any CPU.ActiveCfg = Debug|Any CPU
		{87AF6D09-DBA4-4A98-B23E-DCF5E4973CCC}.Debug|Any CPU.Build.0 = Debug|Any CPU
		{87AF6D09-DBA4-4A98-B23E-DCF5E4973CCC}.Release|Any CPU.ActiveCfg = Release|Any CPU
		{87AF6D09-DBA4-4A98-B23E-DCF5E4973CCC}.Release|Any CPU.Build.0 = Release|Any CPU
		{67083966-2C9F-421E-BFB6-9D9A6EAE0A38}.Debug|Any CPU.ActiveCfg = Debug|Any CPU
		{67083966-2C9F-421E-BFB6-9D9A6EAE0A38}.Debug|Any CPU.Build.0 = Debug|Any CPU
		{67083966-2C9F-421E-BFB6-9D9A6EAE0A38}.Release|Any CPU.ActiveCfg = Release|Any CPU
		{67083966-2C9F-421E-BFB6-9D9A6EAE0A38}.Release|Any CPU.Build.0 = Release|Any CPU
		{BE67124A-01D8-465E-B4C1-B344043109D6}.Debug|Any CPU.ActiveCfg = Debug|Any CPU
		{BE67124A-01D8-465E-B4C1-B344043109D6}.Debug|Any CPU.Build.0 = Debug|Any CPU
		{BE67124A-01D8-465E-B4C1-B344043109D6}.Release|Any CPU.ActiveCfg = Release|Any CPU
		{BE67124A-01D8-465E-B4C1-B344043109D6}.Release|Any CPU.Build.0 = Release|Any CPU
		{E807CECD-B7BB-47CB-9757-2610AD8012BA}.Debug|Any CPU.ActiveCfg = Debug|Any CPU
		{E807CECD-B7BB-47CB-9757-2610AD8012BA}.Debug|Any CPU.Build.0 = Debug|Any CPU
		{E807CECD-B7BB-47CB-9757-2610AD8012BA}.Release|Any CPU.ActiveCfg = Release|Any CPU
		{E807CECD-B7BB-47CB-9757-2610AD8012BA}.Release|Any CPU.Build.0 = Release|Any CPU
		{6202AC7B-8B9B-451B-8CD7-E4844FF41B39}.Debug|Any CPU.ActiveCfg = Debug|Any CPU
		{6202AC7B-8B9B-451B-8CD7-E4844FF41B39}.Debug|Any CPU.Build.0 = Debug|Any CPU
		{6202AC7B-8B9B-451B-8CD7-E4844FF41B39}.Release|Any CPU.ActiveCfg = Release|Any CPU
		{6202AC7B-8B9B-451B-8CD7-E4844FF41B39}.Release|Any CPU.Build.0 = Release|Any CPU
		{7E47DC14-8AF0-457C-BB9E-6159F2ED0692}.Debug|Any CPU.ActiveCfg = Debug|Any CPU
		{7E47DC14-8AF0-457C-BB9E-6159F2ED0692}.Debug|Any CPU.Build.0 = Debug|Any CPU
		{7E47DC14-8AF0-457C-BB9E-6159F2ED0692}.Release|Any CPU.ActiveCfg = Release|Any CPU
		{7E47DC14-8AF0-457C-BB9E-6159F2ED0692}.Release|Any CPU.Build.0 = Release|Any CPU
		{26F06302-5083-4647-AF5B-1043261A5FB1}.Debug|Any CPU.ActiveCfg = Debug|Any CPU
		{26F06302-5083-4647-AF5B-1043261A5FB1}.Debug|Any CPU.Build.0 = Debug|Any CPU
		{26F06302-5083-4647-AF5B-1043261A5FB1}.Release|Any CPU.ActiveCfg = Release|Any CPU
		{26F06302-5083-4647-AF5B-1043261A5FB1}.Release|Any CPU.Build.0 = Release|Any CPU
		{15B50ACD-1260-477A-94C7-B3FC95B6334F}.Debug|Any CPU.ActiveCfg = Debug|Any CPU
		{15B50ACD-1260-477A-94C7-B3FC95B6334F}.Debug|Any CPU.Build.0 = Debug|Any CPU
		{15B50ACD-1260-477A-94C7-B3FC95B6334F}.Release|Any CPU.ActiveCfg = Release|Any CPU
		{15B50ACD-1260-477A-94C7-B3FC95B6334F}.Release|Any CPU.Build.0 = Release|Any CPU
	EndGlobalSection
	GlobalSection(SolutionProperties) = preSolution
		HideSolutionNode = FALSE
	EndGlobalSection
	GlobalSection(NestedProjects) = preSolution
		{F22566BB-09AE-4BBC-9B93-E708CB556BC5} = {C14666A9-184B-46DD-B32F-30D9A69E4FA1}
		{98DFB40C-6B04-477F-94D2-492C52199F8C} = {C14666A9-184B-46DD-B32F-30D9A69E4FA1}
		{9F9BC762-335A-407F-803E-F2F7035E1104} = {C14666A9-184B-46DD-B32F-30D9A69E4FA1}
		{A5748F11-CBCF-4C97-931A-A025565BD2A7} = {C14666A9-184B-46DD-B32F-30D9A69E4FA1}
		{14392704-2640-4AB1-9EE4-93D0FF0076F8} = {C14666A9-184B-46DD-B32F-30D9A69E4FA1}
		{5193144F-73E6-42F6-8D22-5DB7679ADA54} = {C14666A9-184B-46DD-B32F-30D9A69E4FA1}
		{EF121C29-EDD2-4E35-BFDA-CC54EFC37889} = {C14666A9-184B-46DD-B32F-30D9A69E4FA1}
		{6D019566-FAFC-4194-9F3B-DE8AFAB638E6} = {C14666A9-184B-46DD-B32F-30D9A69E4FA1}
		{05750E1E-2288-46EC-9934-A1372BDC99A1} = {98DFB40C-6B04-477F-94D2-492C52199F8C}
		{778067D6-ED1C-4902-986B-27EFDFCB686D} = {98DFB40C-6B04-477F-94D2-492C52199F8C}
		{6145CB7D-CE39-4D99-AAB4-9F5E75374AB5} = {98DFB40C-6B04-477F-94D2-492C52199F8C}
		{FE68CA31-A316-4317-8B05-D80B73580A9E} = {9F9BC762-335A-407F-803E-F2F7035E1104}
		{26DF99BC-10EC-460F-9938-803A7D361D55} = {9F9BC762-335A-407F-803E-F2F7035E1104}
		{048FD6B0-9724-4C8D-BC6E-5E028E8C7EE9} = {9F9BC762-335A-407F-803E-F2F7035E1104}
		{A53CFB02-3E4E-4B90-9272-2E25719E9E20} = {A5748F11-CBCF-4C97-931A-A025565BD2A7}
		{A9C7E972-1602-48D5-9CEE-130EFF00B617} = {A5748F11-CBCF-4C97-931A-A025565BD2A7}
		{6A63B9F2-EF68-4F66-8368-058B75068251} = {A5748F11-CBCF-4C97-931A-A025565BD2A7}
		{37A1A6B4-148E-45BE-AADD-663555CCA6B8} = {14392704-2640-4AB1-9EE4-93D0FF0076F8}
		{58701ACD-7D5F-4695-AC8A-D7D071B6A53E} = {14392704-2640-4AB1-9EE4-93D0FF0076F8}
		{28E97C09-A2B2-4EED-B824-959EBC23E9DA} = {14392704-2640-4AB1-9EE4-93D0FF0076F8}
		{4F7F6615-8017-4F31-85A7-81B97CE057CC} = {5193144F-73E6-42F6-8D22-5DB7679ADA54}
		{7BC5AAED-679F-4E75-83C9-DF9846691210} = {5193144F-73E6-42F6-8D22-5DB7679ADA54}
		{F84143B9-7CE0-4994-BAE7-EE489219CF50} = {5193144F-73E6-42F6-8D22-5DB7679ADA54}
		{7968396E-E13E-4F37-BABA-D240A5B8C78D} = {EF121C29-EDD2-4E35-BFDA-CC54EFC37889}
		{2073D7EE-AF2F-45A5-A11E-BB8C6CD06BF8} = {EF121C29-EDD2-4E35-BFDA-CC54EFC37889}
		{87AF6D09-DBA4-4A98-B23E-DCF5E4973CCC} = {EF121C29-EDD2-4E35-BFDA-CC54EFC37889}
		{67083966-2C9F-421E-BFB6-9D9A6EAE0A38} = {6D019566-FAFC-4194-9F3B-DE8AFAB638E6}
		{BE67124A-01D8-465E-B4C1-B344043109D6} = {6D019566-FAFC-4194-9F3B-DE8AFAB638E6}
		{E807CECD-B7BB-47CB-9757-2610AD8012BA} = {6D019566-FAFC-4194-9F3B-DE8AFAB638E6}
		{6202AC7B-8B9B-451B-8CD7-E4844FF41B39} = {F22566BB-09AE-4BBC-9B93-E708CB556BC5}
		{7E47DC14-8AF0-457C-BB9E-6159F2ED0692} = {F22566BB-09AE-4BBC-9B93-E708CB556BC5}
		{26F06302-5083-4647-AF5B-1043261A5FB1} = {F22566BB-09AE-4BBC-9B93-E708CB556BC5}
	EndGlobalSection
	GlobalSection(ExtensibilityGlobals) = postSolution
		SolutionGuid = {01E9333D-C860-4DAE-93B3-911359E3738A}
	EndGlobalSection
EndGlobal
